
Microsoft Visual Studio Solution File, Format Version 12.00
# Visual Studio Version 17
VisualStudioVersion = 17.2.32630.192
MinimumVisualStudioVersion = 10.0.40219.1
Project("{FAE04EC0-301F-11D3-BF4B-00C04F79EFBC}") = "sqlapp", "sqlapp\sqlapp.csproj", "{134DCD53-6D8F-48FF-818C-FE532618887A}"
EndProject
Global
	GlobalSection(SolutionConfigurationPlatforms) = preSolution
		Debug|Any CPU = Debug|Any CPU
		Release|Any CPU = Release|Any CPU
	EndGlobalSection
	GlobalSection(ProjectConfigurationPlatforms) = postSolution
		{134DCD53-6D8F-48FF-818C-FE532618887A}.Debug|Any CPU.ActiveCfg = Debug|Any CPU
		{134DCD53-6D8F-48FF-818C-FE532618887A}.Debug|Any CPU.Build.0 = Debug|Any CPU
		{134DCD53-6D8F-48FF-818C-FE532618887A}.Release|Any CPU.ActiveCfg = Release|Any CPU
		{134DCD53-6D8F-48FF-818C-FE532618887A}.Release|Any CPU.Build.0 = Release|Any CPU
	EndGlobalSection
	GlobalSection(SolutionProperties) = preSolution
		HideSolutionNode = FALSE
	EndGlobalSection
	GlobalSection(ExtensibilityGlobals) = postSolution
		SolutionGuid = {F4CDA697-58EE-41D0-89D9-7F487CB36C09}
	EndGlobalSection
EndGlobal
